
Microsoft Visual Studio Solution File, Format Version 12.00
# Visual Studio Version 17
VisualStudioVersion = 17.14.36908.2 d17.14
MinimumVisualStudioVersion = 10.0.40219.1
Project("{FAE04EC0-301F-11D3-BF4B-00C04F79EFBC}") = "SyncSyntax", "SyncSyntax\SyncSyntax.csproj", "{AC9C60B9-2048-4910-A358-37B460D3D67D}"
EndProject
Global
	GlobalSection(SolutionConfigurationPlatforms) = preSolution
		Debug|Any CPU = Debug|Any CPU
		Release|Any CPU = Release|Any CPU
	EndGlobalSection
	GlobalSection(ProjectConfigurationPlatforms) = postSolution
		{AC9C60B9-2048-4910-A358-37B460D3D67D}.Debug|Any CPU.ActiveCfg = Debug|Any CPU
		{AC9C60B9-2048-4910-A358-37B460D3D67D}.Debug|Any CPU.Build.0 = Debug|Any CPU
		{AC9C60B9-2048-4910-A358-37B460D3D67D}.Release|Any CPU.ActiveCfg = Release|Any CPU
		{AC9C60B9-2048-4910-A358-37B460D3D67D}.Release|Any CPU.Build.0 = Release|Any CPU
	EndGlobalSection
	GlobalSection(SolutionProperties) = preSolution
		HideSolutionNode = FALSE
	EndGlobalSection
	GlobalSection(ExtensibilityGlobals) = postSolution
		SolutionGuid = {46C21CA2-4B40-4E5C-B6DE-29E8CFD5590C}
	EndGlobalSection
EndGlobal
